
Microsoft Visual Studio Solution File, Format Version 12.00
# Visual Studio Version 17
VisualStudioVersion = 17.5.002.0
MinimumVisualStudioVersion = 10.0.40219.1
Project("{2150E333-8FDC-42A3-9474-1A3956D46DE8}") = ".github", ".github", "{D474CCB7-21DA-4318-BF33-411BF2CA42AE}"
EndProject
Project("{2150E333-8FDC-42A3-9474-1A3956D46DE8}") = "workflows", "workflows", "{EED5DE46-89BC-4389-95DE-93F77DD9B1DB}"
EndProject
Project("{2150E333-8FDC-42A3-9474-1A3956D46DE8}") = "test", "test", "{F17D037C-2AD7-47B0-BE6E-E1C652246AA0}"
EndProject
Project("{9A19103F-16F7-4668-BE54-9A1E7A4F7556}") = "workflows.Tests", ".github\workflows\test\workflows.Tests\workflows.Tests.csproj", "{33ABB689-E4B7-458C-9444-9B1402B5C8BF}"
EndProject
Global
	GlobalSection(SolutionConfigurationPlatforms) = preSolution
		Debug|Any CPU = Debug|Any CPU
		Release|Any CPU = Release|Any CPU
	EndGlobalSection
	GlobalSection(ProjectConfigurationPlatforms) = postSolution
		{33ABB689-E4B7-458C-9444-9B1402B5C8BF}.Debug|Any CPU.ActiveCfg = Debug|Any CPU
		{33ABB689-E4B7-458C-9444-9B1402B5C8BF}.Debug|Any CPU.Build.0 = Debug|Any CPU
		{33ABB689-E4B7-458C-9444-9B1402B5C8BF}.Release|Any CPU.ActiveCfg = Release|Any CPU
		{33ABB689-E4B7-458C-9444-9B1402B5C8BF}.Release|Any CPU.Build.0 = Release|Any CPU
	EndGlobalSection
	GlobalSection(SolutionProperties) = preSolution
		HideSolutionNode = FALSE
	EndGlobalSection
	GlobalSection(NestedProjects) = preSolution
		{EED5DE46-89BC-4389-95DE-93F77DD9B1DB} = {D474CCB7-21DA-4318-BF33-411BF2CA42AE}
		{F17D037C-2AD7-47B0-BE6E-E1C652246AA0} = {EED5DE46-89BC-4389-95DE-93F77DD9B1DB}
		{33ABB689-E4B7-458C-9444-9B1402B5C8BF} = {F17D037C-2AD7-47B0-BE6E-E1C652246AA0}
	EndGlobalSection
	GlobalSection(ExtensibilityGlobals) = postSolution
		SolutionGuid = {51E93CCF-BB9E-4CD2-B685-DE42A2E22D88}
	EndGlobalSection
EndGlobal
