
Microsoft Visual Studio Solution File, Format Version 12.00
# Visual Studio Version 17
VisualStudioVersion = 17.9.34616.47
MinimumVisualStudioVersion = 10.0.40219.1
Project("{9A19103F-16F7-4668-BE54-9A1E7A4F7556}") = "CICD-Demo", "CICD-Demo\CICD-Demo.csproj", "{5755446C-4E6B-477E-A12B-3F14F702AAA3}"
EndProject
Global
	GlobalSection(SolutionConfigurationPlatforms) = preSolution
		Debug|Any CPU = Debug|Any CPU
		Release|Any CPU = Release|Any CPU
	EndGlobalSection
	GlobalSection(ProjectConfigurationPlatforms) = postSolution
		{5755446C-4E6B-477E-A12B-3F14F702AAA3}.Debug|Any CPU.ActiveCfg = Debug|Any CPU
		{5755446C-4E6B-477E-A12B-3F14F702AAA3}.Debug|Any CPU.Build.0 = Debug|Any CPU
		{5755446C-4E6B-477E-A12B-3F14F702AAA3}.Release|Any CPU.ActiveCfg = Release|Any CPU
		{5755446C-4E6B-477E-A12B-3F14F702AAA3}.Release|Any CPU.Build.0 = Release|Any CPU
	EndGlobalSection
	GlobalSection(SolutionProperties) = preSolution
		HideSolutionNode = FALSE
	EndGlobalSection
	GlobalSection(ExtensibilityGlobals) = postSolution
		SolutionGuid = {9DAEF5B6-141C-49F8-BFC0-9C30F2ACEEF0}
	EndGlobalSection
EndGlobal
